
Microsoft Visual Studio Solution File, Format Version 12.00
# Visual Studio 15
VisualStudioVersion = 15.0.28307.421
MinimumVisualStudioVersion = 10.0.40219.1
Project("{FAE04EC0-301F-11D3-BF4B-00C04F79EFBC}") = "HamonicControl.Android", "HamonicControl\HamonicControl.Android\HamonicControl.Android.csproj", "{8525282E-65A7-4EB5-912E-A4526D467064}"
EndProject
Project("{FAE04EC0-301F-11D3-BF4B-00C04F79EFBC}") = "HamonicControl.iOS", "HamonicControl\HamonicControl.iOS\HamonicControl.iOS.csproj", "{D77F1A99-948C-4993-931E-C6EA80178BAA}"
EndProject
Project("{FAE04EC0-301F-11D3-BF4B-00C04F79EFBC}") = "HamonicControl", "HamonicControl\HamonicControl\HamonicControl.csproj", "{A6A9394E-0E77-419B-91E8-B4CEEF0D6BC4}"
EndProject
Global
	GlobalSection(SolutionConfigurationPlatforms) = preSolution
		Ad-Hoc|Any CPU = Ad-Hoc|Any CPU
		Ad-Hoc|iPhone = Ad-Hoc|iPhone
		Ad-Hoc|iPhoneSimulator = Ad-Hoc|iPhoneSimulator
		AppStore|Any CPU = AppStore|Any CPU
		AppStore|iPhone = AppStore|iPhone
		AppStore|iPhoneSimulator = AppStore|iPhoneSimulator
		Debug|Any CPU = Debug|Any CPU
		Debug|iPhone = Debug|iPhone
		Debug|iPhoneSimulator = Debug|iPhoneSimulator
		Release|Any CPU = Release|Any CPU
		Release|iPhone = Release|iPhone
		Release|iPhoneSimulator = Release|iPhoneSimulator
	EndGlobalSection
	GlobalSection(ProjectConfigurationPlatforms) = postSolution
		{8525282E-65A7-4EB5-912E-A4526D467064}.Ad-Hoc|Any CPU.ActiveCfg = Release|Any CPU
		{8525282E-65A7-4EB5-912E-A4526D467064}.Ad-Hoc|Any CPU.Build.0 = Release|Any CPU
		{8525282E-65A7-4EB5-912E-A4526D467064}.Ad-Hoc|Any CPU.Deploy.0 = Release|Any CPU
		{8525282E-65A7-4EB5-912E-A4526D467064}.Ad-Hoc|iPhone.ActiveCfg = Release|Any CPU
		{8525282E-65A7-4EB5-912E-A4526D467064}.Ad-Hoc|iPhone.Build.0 = Release|Any CPU
		{8525282E-65A7-4EB5-912E-A4526D467064}.Ad-Hoc|iPhone.Deploy.0 = Release|Any CPU
		{8525282E-65A7-4EB5-912E-A4526D467064}.Ad-Hoc|iPhoneSimulator.ActiveCfg = Release|Any CPU
		{8525282E-65A7-4EB5-912E-A4526D467064}.Ad-Hoc|iPhoneSimulator.Build.0 = Release|Any CPU
		{8525282E-65A7-4EB5-912E-A4526D467064}.Ad-Hoc|iPhoneSimulator.Deploy.0 = Release|Any CPU
		{8525282E-65A7-4EB5-912E-A4526D467064}.AppStore|Any CPU.ActiveCfg = Release|Any CPU
		{8525282E-65A7-4EB5-912E-A4526D467064}.AppStore|Any CPU.Build.0 = Release|Any CPU
		{8525282E-65A7-4EB5-912E-A4526D467064}.AppStore|Any CPU.Deploy.0 = Release|Any CPU
		{8525282E-65A7-4EB5-912E-A4526D467064}.AppStore|iPhone.ActiveCfg = Release|Any CPU
		{8525282E-65A7-4EB5-912E-A4526D467064}.AppStore|iPhone.Build.0 = Release|Any CPU
		{8525282E-65A7-4EB5-912E-A4526D467064}.AppStore|iPhone.Deploy.0 = Release|Any CPU
		{8525282E-65A7-4EB5-912E-A4526D467064}.AppStore|iPhoneSimulator.ActiveCfg = Release|Any CPU
		{8525282E-65A7-4EB5-912E-A4526D467064}.AppStore|iPhoneSimulator.Build.0 = Release|Any CPU
		{8525282E-65A7-4EB5-912E-A4526D467064}.AppStore|iPhoneSimulator.Deploy.0 = Release|Any CPU
		{8525282E-65A7-4EB5-912E-A4526D467064}.Debug|Any CPU.ActiveCfg = Debug|Any CPU
		{8525282E-65A7-4EB5-912E-A4526D467064}.Debug|Any CPU.Build.0 = Debug|Any CPU
		{8525282E-65A7-4EB5-912E-A4526D467064}.Debug|Any CPU.Deploy.0 = Debug|Any CPU
		{8525282E-65A7-4EB5-912E-A4526D467064}.Debug|iPhone.ActiveCfg = Debug|Any CPU
		{8525282E-65A7-4EB5-912E-A4526D467064}.Debug|iPhone.Build.0 = Debug|Any CPU
		{8525282E-65A7-4EB5-912E-A4526D467064}.Debug|iPhone.Deploy.0 = Debug|Any CPU
		{8525282E-65A7-4EB5-912E-A4526D467064}.Debug|iPhoneSimulator.ActiveCfg = Debug|Any CPU
		{8525282E-65A7-4EB5-912E-A4526D467064}.Debug|iPhoneSimulator.Build.0 = Debug|Any CPU
		{8525282E-65A7-4EB5-912E-A4526D467064}.Debug|iPhoneSimulator.Deploy.0 = Debug|Any CPU
		{8525282E-65A7-4EB5-912E-A4526D467064}.Release|Any CPU.ActiveCfg = Release|Any CPU
		{8525282E-65A7-4EB5-912E-A4526D467064}.Release|Any CPU.Build.0 = Release|Any CPU
		{8525282E-65A7-4EB5-912E-A4526D467064}.Release|Any CPU.Deploy.0 = Release|Any CPU
		{8525282E-65A7-4EB5-912E-A4526D467064}.Release|iPhone.ActiveCfg = Release|Any CPU
		{8525282E-65A7-4EB5-912E-A4526D467064}.Release|iPhone.Build.0 = Release|Any CPU
		{8525282E-65A7-4EB5-912E-A4526D467064}.Release|iPhone.Deploy.0 = Release|Any CPU
		{8525282E-65A7-4EB5-912E-A4526D467064}.Release|iPhoneSimulator.ActiveCfg = Release|Any CPU
		{8525282E-65A7-4EB5-912E-A4526D467064}.Release|iPhoneSimulator.Build.0 = Release|Any CPU
		{8525282E-65A7-4EB5-912E-A4526D467064}.Release|iPhoneSimulator.Deploy.0 = Release|Any CPU
		{D77F1A99-948C-4993-931E-C6EA80178BAA}.Ad-Hoc|Any CPU.ActiveCfg = Ad-Hoc|iPhone
		{D77F1A99-948C-4993-931E-C6EA80178BAA}.Ad-Hoc|Any CPU.Build.0 = Ad-Hoc|iPhone
		{D77F1A99-948C-4993-931E-C6EA80178BAA}.Ad-Hoc|Any CPU.Deploy.0 = Ad-Hoc|iPhone
		{D77F1A99-948C-4993-931E-C6EA80178BAA}.Ad-Hoc|iPhone.ActiveCfg = Ad-Hoc|iPhone
		{D77F1A99-948C-4993-931E-C6EA80178BAA}.Ad-Hoc|iPhone.Build.0 = Ad-Hoc|iPhone
		{D77F1A99-948C-4993-931E-C6EA80178BAA}.Ad-Hoc|iPhone.Deploy.0 = Ad-Hoc|iPhone
		{D77F1A99-948C-4993-931E-C6EA80178BAA}.Ad-Hoc|iPhoneSimulator.ActiveCfg = Ad-Hoc|iPhoneSimulator
		{D77F1A99-948C-4993-931E-C6EA80178BAA}.Ad-Hoc|iPhoneSimulator.Build.0 = Ad-Hoc|iPhoneSimulator
		{D77F1A99-948C-4993-931E-C6EA80178BAA}.Ad-Hoc|iPhoneSimulator.Deploy.0 = Ad-Hoc|iPhoneSimulator
		{D77F1A99-948C-4993-931E-C6EA80178BAA}.AppStore|Any CPU.ActiveCfg = AppStore|iPhone
		{D77F1A99-948C-4993-931E-C6EA80178BAA}.AppStore|Any CPU.Build.0 = AppStore|iPhone
		{D77F1A99-948C-4993-931E-C6EA80178BAA}.AppStore|Any CPU.Deploy.0 = AppStore|iPhone
		{D77F1A99-948C-4993-931E-C6EA80178BAA}.AppStore|iPhone.ActiveCfg = AppStore|iPhone
		{D77F1A99-948C-4993-931E-C6EA80178BAA}.AppStore|iPhone.Build.0 = AppStore|iPhone
		{D77F1A99-948C-4993-931E-C6EA80178BAA}.AppStore|iPhone.Deploy.0 = AppStore|iPhone
		{D77F1A99-948C-4993-931E-C6EA80178BAA}.AppStore|iPhoneSimulator.ActiveCfg = AppStore|iPhoneSimulator
		{D77F1A99-948C-4993-931E-C6EA80178BAA}.AppStore|iPhoneSimulator.Build.0 = AppStore|iPhoneSimulator
		{D77F1A99-948C-4993-931E-C6EA80178BAA}.AppStore|iPhoneSimulator.Deploy.0 = AppStore|iPhoneSimulator
		{D77F1A99-948C-4993-931E-C6EA80178BAA}.Debug|Any CPU.ActiveCfg = Debug|iPhoneSimulator
		{D77F1A99-948C-4993-931E-C6EA80178BAA}.Debug|Any CPU.Build.0 = Debug|iPhoneSimulator
		{D77F1A99-948C-4993-931E-C6EA80178BAA}.Debug|Any CPU.Deploy.0 = Debug|iPhoneSimulator
		{D77F1A99-948C-4993-931E-C6EA80178BAA}.Debug|iPhone.ActiveCfg = Debug|iPhone
		{D77F1A99-948C-4993-931E-C6EA80178BAA}.Debug|iPhone.Build.0 = Debug|iPhone
		{D77F1A99-948C-4993-931E-C6EA80178BAA}.Debug|iPhone.Deploy.0 = Debug|iPhone
		{D77F1A99-948C-4993-931E-C6EA80178BAA}.Debug|iPhoneSimulator.ActiveCfg = Debug|iPhoneSimulator
		{D77F1A99-948C-4993-931E-C6EA80178BAA}.Debug|iPhoneSimulator.Build.0 = Debug|iPhoneSimulator
		{D77F1A99-948C-4993-931E-C6EA80178BAA}.Debug|iPhoneSimulator.Deploy.0 = Debug|iPhoneSimulator
		{D77F1A99-948C-4993-931E-C6EA80178BAA}.Release|Any CPU.ActiveCfg = Release|iPhone
		{D77F1A99-948C-4993-931E-C6EA80178BAA}.Release|Any CPU.Build.0 = Release|iPhone
		{D77F1A99-948C-4993-931E-C6EA80178BAA}.Release|Any CPU.Deploy.0 = Release|iPhone
		{D77F1A99-948C-4993-931E-C6EA80178BAA}.Release|iPhone.ActiveCfg = Release|iPhone
		{D77F1A99-948C-4993-931E-C6EA80178BAA}.Release|iPhone.Build.0 = Release|iPhone
		{D77F1A99-948C-4993-931E-C6EA80178BAA}.Release|iPhone.Deploy.0 = Release|iPhone
		{D77F1A99-948C-4993-931E-C6EA80178BAA}.Release|iPhoneSimulator.ActiveCfg = Release|iPhoneSimulator
		{D77F1A99-948C-4993-931E-C6EA80178BAA}.Release|iPhoneSimulator.Build.0 = Release|iPhoneSimulator
		{D77F1A99-948C-4993-931E-C6EA80178BAA}.Release|iPhoneSimulator.Deploy.0 = Release|iPhoneSimulator
		{A6A9394E-0E77-419B-91E8-B4CEEF0D6BC4}.Ad-Hoc|Any CPU.ActiveCfg = Debug|Any CPU
		{A6A9394E-0E77-419B-91E8-B4CEEF0D6BC4}.Ad-Hoc|Any CPU.Build.0 = Debug|Any CPU
		{A6A9394E-0E77-419B-91E8-B4CEEF0D6BC4}.Ad-Hoc|Any CPU.Deploy.0 = Debug|Any CPU
		{A6A9394E-0E77-419B-91E8-B4CEEF0D6BC4}.Ad-Hoc|iPhone.ActiveCfg = Debug|Any CPU
		{A6A9394E-0E77-419B-91E8-B4CEEF0D6BC4}.Ad-Hoc|iPhone.Build.0 = Debug|Any CPU
		{A6A9394E-0E77-419B-91E8-B4CEEF0D6BC4}.Ad-Hoc|iPhone.Deploy.0 = Debug|Any CPU
		{A6A9394E-0E77-419B-91E8-B4CEEF0D6BC4}.Ad-Hoc|iPhoneSimulator.ActiveCfg = Debug|Any CPU
		{A6A9394E-0E77-419B-91E8-B4CEEF0D6BC4}.Ad-Hoc|iPhoneSimulator.Build.0 = Debug|Any CPU
		{A6A9394E-0E77-419B-91E8-B4CEEF0D6BC4}.Ad-Hoc|iPhoneSimulator.Deploy.0 = Debug|Any CPU
		{A6A9394E-0E77-419B-91E8-B4CEEF0D6BC4}.AppStore|Any CPU.ActiveCfg = Debug|Any CPU
		{A6A9394E-0E77-419B-91E8-B4CEEF0D6BC4}.AppStore|Any CPU.Build.0 = Debug|Any CPU
		{A6A9394E-0E77-419B-91E8-B4CEEF0D6BC4}.AppStore|Any CPU.Deploy.0 = Debug|Any CPU
		{A6A9394E-0E77-419B-91E8-B4CEEF0D6BC4}.AppStore|iPhone.ActiveCfg = Debug|Any CPU
		{A6A9394E-0E77-419B-91E8-B4CEEF0D6BC4}.AppStore|iPhone.Build.0 = Debug|Any CPU
		{A6A9394E-0E77-419B-91E8-B4CEEF0D6BC4}.AppStore|iPhone.Deploy.0 = Debug|Any CPU
		{A6A9394E-0E77-419B-91E8-B4CEEF0D6BC4}.AppStore|iPhoneSimulator.ActiveCfg = Debug|Any CPU
		{A6A9394E-0E77-419B-91E8-B4CEEF0D6BC4}.AppStore|iPhoneSimulator.Build.0 = Debug|Any CPU
		{A6A9394E-0E77-419B-91E8-B4CEEF0D6BC4}.AppStore|iPhoneSimulator.Deploy.0 = Debug|Any CPU
		{A6A9394E-0E77-419B-91E8-B4CEEF0D6BC4}.Debug|Any CPU.ActiveCfg = Debug|Any CPU
		{A6A9394E-0E77-419B-91E8-B4CEEF0D6BC4}.Debug|Any CPU.Build.0 = Debug|Any CPU
		{A6A9394E-0E77-419B-91E8-B4CEEF0D6BC4}.Debug|Any CPU.Deploy.0 = Debug|Any CPU
		{A6A9394E-0E77-419B-91E8-B4CEEF0D6BC4}.Debug|iPhone.ActiveCfg = Debug|Any CPU
		{A6A9394E-0E77-419B-91E8-B4CEEF0D6BC4}.Debug|iPhone.Build.0 = Debug|Any CPU
		{A6A9394E-0E77-419B-91E8-B4CEEF0D6BC4}.Debug|iPhone.Deploy.0 = Debug|Any CPU
		{A6A9394E-0E77-419B-91E8-B4CEEF0D6BC4}.Debug|iPhoneSimulator.ActiveCfg = Debug|Any CPU
		{A6A9394E-0E77-419B-91E8-B4CEEF0D6BC4}.Debug|iPhoneSimulator.Build.0 = Debug|Any CPU
		{A6A9394E-0E77-419B-91E8-B4CEEF0D6BC4}.Debug|iPhoneSimulator.Deploy.0 = Debug|Any CPU
		{A6A9394E-0E77-419B-91E8-B4CEEF0D6BC4}.Release|Any CPU.ActiveCfg = Release|Any CPU
		{A6A9394E-0E77-419B-91E8-B4CEEF0D6BC4}.Release|Any CPU.Build.0 = Release|Any CPU
		{A6A9394E-0E77-419B-91E8-B4CEEF0D6BC4}.Release|Any CPU.Deploy.0 = Release|Any CPU
		{A6A9394E-0E77-419B-91E8-B4CEEF0D6BC4}.Release|iPhone.ActiveCfg = Release|Any CPU
		{A6A9394E-0E77-419B-91E8-B4CEEF0D6BC4}.Release|iPhone.Build.0 = Release|Any CPU
		{A6A9394E-0E77-419B-91E8-B4CEEF0D6BC4}.Release|iPhone.Deploy.0 = Release|Any CPU
		{A6A9394E-0E77-419B-91E8-B4CEEF0D6BC4}.Release|iPhoneSimulator.ActiveCfg = Release|Any CPU
		{A6A9394E-0E77-419B-91E8-B4CEEF0D6BC4}.Release|iPhoneSimulator.Build.0 = Release|Any CPU
		{A6A9394E-0E77-419B-91E8-B4CEEF0D6BC4}.Release|iPhoneSimulator.Deploy.0 = Release|Any CPU
	EndGlobalSection
	GlobalSection(SolutionProperties) = preSolution
		HideSolutionNode = FALSE
	EndGlobalSection
	GlobalSection(ExtensibilityGlobals) = postSolution
		SolutionGuid = {66353E00-61D7-4FEC-BC7A-CA81BAC07583}
	EndGlobalSection
EndGlobal
